
Microsoft Visual Studio Solution File, Format Version 12.00
# Visual Studio Version 17
VisualStudioVersion = 17.14.36429.23
MinimumVisualStudioVersion = 10.0.40219.1
Project("{2150E333-8FDC-42A3-9474-1A3956D46DE8}") = "Task0", "Task0", "{02EA681E-C7D8-13C7-8484-4AC65E1B71E8}"
EndProject
Project("{FAE04EC0-301F-11D3-BF4B-00C04F79EFBC}") = "Tyuiu.MarakovAD.Sprint1.Task0.V20", "Tyuiu.MarakovAD.Sprint1.Task0.V20\Tyuiu.MarakovAD.Sprint1.Task0.V20.csproj", "{F033B751-F247-4068-8482-16B53657807C}"
EndProject
Project("{FAE04EC0-301F-11D3-BF4B-00C04F79EFBC}") = "Tyuiu.MarakovAD.Sprint1.Task0.V20.Lib", "Tyuiu.MarakovAD.Sprint1.Task0.V20.Lib\Tyuiu.MarakovAD.Sprint1.Task0.V20.Lib.csproj", "{AA31BB6E-3C82-4329-9E91-97BFCC15F3D7}"
EndProject
Project("{FAE04EC0-301F-11D3-BF4B-00C04F79EFBC}") = "Tyuiu.MarakovAD.Sprint1.Task0.V20.Test", "Tyuiu.MarakovAD.Sprint1.Task0.V20.Test\Tyuiu.MarakovAD.Sprint1.Task0.V20.Test.csproj", "{CA7F17E2-B49E-4F9E-A345-D40CFC89F4EC}"
EndProject
Project("{2150E333-8FDC-42A3-9474-1A3956D46DE8}") = "Task1", "Task1", "{E6B92EEC-4AF7-45C9-9297-5859F57A7A20}"
EndProject
Project("{FAE04EC0-301F-11D3-BF4B-00C04F79EFBC}") = "Tyuiu.MarakovAD.Sprint1.Task1.V5", "Tyuiu.MarakovAD.Sprint1.Task1.V5\Tyuiu.MarakovAD.Sprint1.Task1.V5.csproj", "{F31531D5-015A-415A-9DFD-C23B04D99DDF}"
EndProject
Project("{FAE04EC0-301F-11D3-BF4B-00C04F79EFBC}") = "Tyuiu.MarakovAD.Sprint1.Task1.V5.Lib", "Tyuiu.MarakovAD.Sprint1.Task1.V5.Lib\Tyuiu.MarakovAD.Sprint1.Task1.V5.Lib.csproj", "{03570D25-E3F7-4C0A-95BA-D88F80517D46}"
EndProject
Project("{FAE04EC0-301F-11D3-BF4B-00C04F79EFBC}") = "Tyuiu.MarakovAD.Sprint1.Task1.V5.Test", "Tyuiu.MarakovAD.Sprint1.Task1.V5.Test\Tyuiu.MarakovAD.Sprint1.Task1.V5.Test.csproj", "{2132A399-C3FF-46E5-8AD9-BE8A96030AF0}"
EndProject
Project("{2150E333-8FDC-42A3-9474-1A3956D46DE8}") = "Task2", "Task2", "{1F44E835-2AB0-498B-BBCB-6D6DDCB937AE}"
EndProject
Project("{FAE04EC0-301F-11D3-BF4B-00C04F79EFBC}") = "Tyuiu.MarakovAD.Sprint1.Task2.V16", "Tyuiu.MarakovAD.Sprint1.Task2.V16\Tyuiu.MarakovAD.Sprint1.Task2.V16.csproj", "{2861F9E8-DCA4-439D-AB19-4FD4A865AF38}"
EndProject
Project("{FAE04EC0-301F-11D3-BF4B-00C04F79EFBC}") = "Tyuiu.MarakovAD.Sprint1.Task2.V16.Lib", "Tyuiu.MarakovAD.Sprint1.Task2.V16.Lib\Tyuiu.MarakovAD.Sprint1.Task2.V16.Lib.csproj", "{B1383BCB-451E-482C-8576-27E833F4ED06}"
EndProject
Project("{FAE04EC0-301F-11D3-BF4B-00C04F79EFBC}") = "Tyuiu.MarakovAD.Sprint1.Task2.V16.Test", "Tyuiu.MarakovAD.Sprint1.Task2.V16.Test\Tyuiu.MarakovAD.Sprint1.Task2.V16.Test.csproj", "{66702ADA-8D7B-4B29-9402-0B49E504B3C8}"
EndProject
Project("{2150E333-8FDC-42A3-9474-1A3956D46DE8}") = "Task3", "Task3", "{3210DA5A-84C5-49F8-98B9-798121DEE911}"
EndProject
Project("{FAE04EC0-301F-11D3-BF4B-00C04F79EFBC}") = "Tyuiu.MarakovAD.Sprint1.Task3.V10", "Tyuiu.MarakovAD.Sprint1.Task3.V10\Tyuiu.MarakovAD.Sprint1.Task3.V10.csproj", "{E1C2F482-32D1-4F6B-888A-7B031415D95D}"
EndProject
Project("{FAE04EC0-301F-11D3-BF4B-00C04F79EFBC}") = "Tyuiu.MarakovAD.Sprint1.Task3.V10.Lib", "Tyuiu.MarakovAD.Sprint1.Task3.V10.Lib\Tyuiu.MarakovAD.Sprint1.Task3.V10.Lib.csproj", "{36B41778-4CBC-44DD-9A44-FB5BBAEE4CCC}"
EndProject
Project("{FAE04EC0-301F-11D3-BF4B-00C04F79EFBC}") = "Tyuiu.MarakovAD.Sprint1.Task3.V10.Test", "Tyuiu.MarakovAD.Sprint1.Task3.V10.Test\Tyuiu.MarakovAD.Sprint1.Task3.V10.Test.csproj", "{905C78A5-C597-4622-BE17-5A523D692A05}"
EndProject
Project("{2150E333-8FDC-42A3-9474-1A3956D46DE8}") = "Task4", "Task4", "{7152E294-5A7F-4F8E-8E1A-D79F2EC56ACB}"
EndProject
Project("{FAE04EC0-301F-11D3-BF4B-00C04F79EFBC}") = "Tyuiu.MarakovAD.Sprint1.Task4.V30", "Tyuiu.MarakovAD.Sprint1.Task4.V30\Tyuiu.MarakovAD.Sprint1.Task4.V30.csproj", "{811B1CE9-D579-42EA-A392-278DD4EC809F}"
EndProject
Project("{FAE04EC0-301F-11D3-BF4B-00C04F79EFBC}") = "Tyuiu.MarakovAD.Sprint1.Task4.V30.Lib", "Tyuiu.MarakovAD.Sprint1.Task4.V30.Lib\Tyuiu.MarakovAD.Sprint1.Task4.V30.Lib.csproj", "{217396E1-1CB9-455D-9EA5-2B10B8258781}"
EndProject
Project("{FAE04EC0-301F-11D3-BF4B-00C04F79EFBC}") = "Tyuiu.MarakovAD.Sprint1.Task4.V30.Test", "Tyuiu.MarakovAD.Sprint1.Task4.V30.Test\Tyuiu.MarakovAD.Sprint1.Task4.V30.Test.csproj", "{D987FB68-527E-4741-90D5-110D7BDE9A4E}"
EndProject
Project("{2150E333-8FDC-42A3-9474-1A3956D46DE8}") = "Task5", "Task5", "{4CDB4748-0B05-48DC-B996-D6DA174021A2}"
EndProject
Project("{FAE04EC0-301F-11D3-BF4B-00C04F79EFBC}") = "Tyuiu.MarakovAD.Sprint1.Task5.V5", "Tyuiu.MarakovAD.Sprint1.Task5.V5\Tyuiu.MarakovAD.Sprint1.Task5.V5.csproj", "{60BF5355-154A-4285-8BB3-D298E852708C}"
EndProject
Project("{FAE04EC0-301F-11D3-BF4B-00C04F79EFBC}") = "Tyuiu.MarakovAD.Sprint1.Task5.V5.Lib", "Tyuiu.MarakovAD.Sprint1.Task5.V5.Lib\Tyuiu.MarakovAD.Sprint1.Task5.V5.Lib.csproj", "{8690BD15-758A-4AF5-824A-BBD87DD1395C}"
EndProject
Project("{FAE04EC0-301F-11D3-BF4B-00C04F79EFBC}") = "Tyuiu.MarakovAD.Sprint1.Task5.V5.Test", "Tyuiu.MarakovAD.Sprint1.Task5.V5.Test\Tyuiu.MarakovAD.Sprint1.Task5.V5.Test.csproj", "{91A7BEC1-D371-42DB-A27F-34B839CE45BD}"
EndProject
Project("{2150E333-8FDC-42A3-9474-1A3956D46DE8}") = "Task6", "Task6", "{6555C923-CBF0-4070-83F8-8CAAD44340EA}"
EndProject
Project("{FAE04EC0-301F-11D3-BF4B-00C04F79EFBC}") = "Tyuiu.MarakovAD.Sprint1.Task6.V5", "Tyuiu.MarakovAD.Sprint1.Task6.V5\Tyuiu.MarakovAD.Sprint1.Task6.V5.csproj", "{95FC2208-B2DD-4945-A86B-8017CEF336CA}"
EndProject
Project("{FAE04EC0-301F-11D3-BF4B-00C04F79EFBC}") = "Tyuiu.MarakovAD.Sprint1.Task6.V5.Lib", "Tyuiu.MarakovAD.Sprint1.Task6.V5.Lib\Tyuiu.MarakovAD.Sprint1.Task6.V5.Lib.csproj", "{312B8A15-44D3-4E03-9768-47576DCA9A34}"
EndProject
Project("{FAE04EC0-301F-11D3-BF4B-00C04F79EFBC}") = "Tyuiu.MarakovAD.Sprint1.Task6.V5.Test", "Tyuiu.MarakovAD.Sprint1.Task6.V5.Test\Tyuiu.MarakovAD.Sprint1.Task6.V5.Test.csproj", "{64E7C008-3202-44C2-8A9D-D5D83AFD5FAA}"
EndProject
Project("{2150E333-8FDC-42A3-9474-1A3956D46DE8}") = "Task7", "Task7", "{3D0EECD6-1D06-45E0-9D17-AB9ABE49EA06}"
EndProject
Project("{FAE04EC0-301F-11D3-BF4B-00C04F79EFBC}") = "Tyuiu.MarakovAD.Sprint1.Task7.V22", "Tyuiu.MarakovAD.Sprint1.Task7.V22\Tyuiu.MarakovAD.Sprint1.Task7.V22.csproj", "{F0AF9759-5C20-4352-9EDF-C10A1A071CC7}"
EndProject
Project("{FAE04EC0-301F-11D3-BF4B-00C04F79EFBC}") = "Tyuiu.MarakovAD.Sprint1.Task7.V22.Lib", "Tyuiu.MarakovAD.Sprint1.Task7.V22.Lib\Tyuiu.MarakovAD.Sprint1.Task7.V22.Lib.csproj", "{66B19B92-4B46-4547-AEDD-A7CC3727B117}"
EndProject
Project("{FAE04EC0-301F-11D3-BF4B-00C04F79EFBC}") = "Tyuiu.MarakovAD.Sprint1.Task7.V22.Test", "Tyuiu.MarakovAD.Sprint1.Task7.V22.Test\Tyuiu.MarakovAD.Sprint1.Task7.V22.Test.csproj", "{935514AB-D227-48C1-A17C-7EE73819D328}"
EndProject
Global
	GlobalSection(SolutionConfigurationPlatforms) = preSolution
		Debug|Any CPU = Debug|Any CPU
		Release|Any CPU = Release|Any CPU
	EndGlobalSection
	GlobalSection(ProjectConfigurationPlatforms) = postSolution
		{F033B751-F247-4068-8482-16B53657807C}.Debug|Any CPU.ActiveCfg = Debug|Any CPU
		{F033B751-F247-4068-8482-16B53657807C}.Debug|Any CPU.Build.0 = Debug|Any CPU
		{F033B751-F247-4068-8482-16B53657807C}.Release|Any CPU.ActiveCfg = Release|Any CPU
		{F033B751-F247-4068-8482-16B53657807C}.Release|Any CPU.Build.0 = Release|Any CPU
		{AA31BB6E-3C82-4329-9E91-97BFCC15F3D7}.Debug|Any CPU.ActiveCfg = Debug|Any CPU
		{AA31BB6E-3C82-4329-9E91-97BFCC15F3D7}.Debug|Any CPU.Build.0 = Debug|Any CPU
		{AA31BB6E-3C82-4329-9E91-97BFCC15F3D7}.Release|Any CPU.ActiveCfg = Release|Any CPU
		{AA31BB6E-3C82-4329-9E91-97BFCC15F3D7}.Release|Any CPU.Build.0 = Release|Any CPU
		{CA7F17E2-B49E-4F9E-A345-D40CFC89F4EC}.Debug|Any CPU.ActiveCfg = Debug|Any CPU
		{CA7F17E2-B49E-4F9E-A345-D40CFC89F4EC}.Debug|Any CPU.Build.0 = Debug|Any CPU
		{CA7F17E2-B49E-4F9E-A345-D40CFC89F4EC}.Release|Any CPU.ActiveCfg = Release|Any CPU
		{CA7F17E2-B49E-4F9E-A345-D40CFC89F4EC}.Release|Any CPU.Build.0 = Release|Any CPU
		{F31531D5-015A-415A-9DFD-C23B04D99DDF}.Debug|Any CPU.ActiveCfg = Debug|Any CPU
		{F31531D5-015A-415A-9DFD-C23B04D99DDF}.Debug|Any CPU.Build.0 = Debug|Any CPU
		{F31531D5-015A-415A-9DFD-C23B04D99DDF}.Release|Any CPU.ActiveCfg = Release|Any CPU
		{F31531D5-015A-415A-9DFD-C23B04D99DDF}.Release|Any CPU.Build.0 = Release|Any CPU
		{03570D25-E3F7-4C0A-95BA-D88F80517D46}.Debug|Any CPU.ActiveCfg = Debug|Any CPU
		{03570D25-E3F7-4C0A-95BA-D88F80517D46}.Debug|Any CPU.Build.0 = Debug|Any CPU
		{03570D25-E3F7-4C0A-95BA-D88F80517D46}.Release|Any CPU.ActiveCfg = Release|Any CPU
		{03570D25-E3F7-4C0A-95BA-D88F80517D46}.Release|Any CPU.Build.0 = Release|Any CPU
		{2132A399-C3FF-46E5-8AD9-BE8A96030AF0}.Debug|Any CPU.ActiveCfg = Debug|Any CPU
		{2132A399-C3FF-46E5-8AD9-BE8A96030AF0}.Debug|Any CPU.Build.0 = Debug|Any CPU
		{2132A399-C3FF-46E5-8AD9-BE8A96030AF0}.Release|Any CPU.ActiveCfg = Release|Any CPU
		{2132A399-C3FF-46E5-8AD9-BE8A96030AF0}.Release|Any CPU.Build.0 = Release|Any CPU
		{2861F9E8-DCA4-439D-AB19-4FD4A865AF38}.Debug|Any CPU.ActiveCfg = Debug|Any CPU
		{2861F9E8-DCA4-439D-AB19-4FD4A865AF38}.Debug|Any CPU.Build.0 = Debug|Any CPU
		{2861F9E8-DCA4-439D-AB19-4FD4A865AF38}.Release|Any CPU.ActiveCfg = Release|Any CPU
		{2861F9E8-DCA4-439D-AB19-4FD4A865AF38}.Release|Any CPU.Build.0 = Release|Any CPU
		{B1383BCB-451E-482C-8576-27E833F4ED06}.Debug|Any CPU.ActiveCfg = Debug|Any CPU
		{B1383BCB-451E-482C-8576-27E833F4ED06}.Debug|Any CPU.Build.0 = Debug|Any CPU
		{B1383BCB-451E-482C-8576-27E833F4ED06}.Release|Any CPU.ActiveCfg = Release|Any CPU
		{B1383BCB-451E-482C-8576-27E833F4ED06}.Release|Any CPU.Build.0 = Release|Any CPU
		{66702ADA-8D7B-4B29-9402-0B49E504B3C8}.Debug|Any CPU.ActiveCfg = Debug|Any CPU
		{66702ADA-8D7B-4B29-9402-0B49E504B3C8}.Debug|Any CPU.Build.0 = Debug|Any CPU
		{66702ADA-8D7B-4B29-9402-0B49E504B3C8}.Release|Any CPU.ActiveCfg = Release|Any CPU
		{66702ADA-8D7B-4B29-9402-0B49E504B3C8}.Release|Any CPU.Build.0 = Release|Any CPU
		{E1C2F482-32D1-4F6B-888A-7B031415D95D}.Debug|Any CPU.ActiveCfg = Debug|Any CPU
		{E1C2F482-32D1-4F6B-888A-7B031415D95D}.Debug|Any CPU.Build.0 = Debug|Any CPU
		{E1C2F482-32D1-4F6B-888A-7B031415D95D}.Release|Any CPU.ActiveCfg = Release|Any CPU
		{E1C2F482-32D1-4F6B-888A-7B031415D95D}.Release|Any CPU.Build.0 = Release|Any CPU
		{36B41778-4CBC-44DD-9A44-FB5BBAEE4CCC}.Debug|Any CPU.ActiveCfg = Debug|Any CPU
		{36B41778-4CBC-44DD-9A44-FB5BBAEE4CCC}.Debug|Any CPU.Build.0 = Debug|Any CPU
		{36B41778-4CBC-44DD-9A44-FB5BBAEE4CCC}.Release|Any CPU.ActiveCfg = Release|Any CPU
		{36B41778-4CBC-44DD-9A44-FB5BBAEE4CCC}.Release|Any CPU.Build.0 = Release|Any CPU
		{905C78A5-C597-4622-BE17-5A523D692A05}.Debug|Any CPU.ActiveCfg = Debug|Any CPU
		{905C78A5-C597-4622-BE17-5A523D692A05}.Debug|Any CPU.Build.0 = Debug|Any CPU
		{905C78A5-C597-4622-BE17-5A523D692A05}.Release|Any CPU.ActiveCfg = Release|Any CPU
		{905C78A5-C597-4622-BE17-5A523D692A05}.Release|Any CPU.Build.0 = Release|Any CPU
		{811B1CE9-D579-42EA-A392-278DD4EC809F}.Debug|Any CPU.ActiveCfg = Debug|Any CPU
		{811B1CE9-D579-42EA-A392-278DD4EC809F}.Debug|Any CPU.Build.0 = Debug|Any CPU
		{811B1CE9-D579-42EA-A392-278DD4EC809F}.Release|Any CPU.ActiveCfg = Release|Any CPU
		{811B1CE9-D579-42EA-A392-278DD4EC809F}.Release|Any CPU.Build.0 = Release|Any CPU
		{217396E1-1CB9-455D-9EA5-2B10B8258781}.Debug|Any CPU.ActiveCfg = Debug|Any CPU
		{217396E1-1CB9-455D-9EA5-2B10B8258781}.Debug|Any CPU.Build.0 = Debug|Any CPU
		{217396E1-1CB9-455D-9EA5-2B10B8258781}.Release|Any CPU.ActiveCfg = Release|Any CPU
		{217396E1-1CB9-455D-9EA5-2B10B8258781}.Release|Any CPU.Build.0 = Release|Any CPU
		{D987FB68-527E-4741-90D5-110D7BDE9A4E}.Debug|Any CPU.ActiveCfg = Debug|Any CPU
		{D987FB68-527E-4741-90D5-110D7BDE9A4E}.Debug|Any CPU.Build.0 = Debug|Any CPU
		{D987FB68-527E-4741-90D5-110D7BDE9A4E}.Release|Any CPU.ActiveCfg = Release|Any CPU
		{D987FB68-527E-4741-90D5-110D7BDE9A4E}.Release|Any CPU.Build.0 = Release|Any CPU
		{60BF5355-154A-4285-8BB3-D298E852708C}.Debug|Any CPU.ActiveCfg = Debug|Any CPU
		{60BF5355-154A-4285-8BB3-D298E852708C}.Debug|Any CPU.Build.0 = Debug|Any CPU
		{60BF5355-154A-4285-8BB3-D298E852708C}.Release|Any CPU.ActiveCfg = Release|Any CPU
		{60BF5355-154A-4285-8BB3-D298E852708C}.Release|Any CPU.Build.0 = Release|Any CPU
		{8690BD15-758A-4AF5-824A-BBD87DD1395C}.Debug|Any CPU.ActiveCfg = Debug|Any CPU
		{8690BD15-758A-4AF5-824A-BBD87DD1395C}.Debug|Any CPU.Build.0 = Debug|Any CPU
		{8690BD15-758A-4AF5-824A-BBD87DD1395C}.Release|Any CPU.ActiveCfg = Release|Any CPU
		{8690BD15-758A-4AF5-824A-BBD87DD1395C}.Release|Any CPU.Build.0 = Release|Any CPU
		{91A7BEC1-D371-42DB-A27F-34B839CE45BD}.Debug|Any CPU.ActiveCfg = Debug|Any CPU
		{91A7BEC1-D371-42DB-A27F-34B839CE45BD}.Debug|Any CPU.Build.0 = Debug|Any CPU
		{91A7BEC1-D371-42DB-A27F-34B839CE45BD}.Release|Any CPU.ActiveCfg = Release|Any CPU
		{91A7BEC1-D371-42DB-A27F-34B839CE45BD}.Release|Any CPU.Build.0 = Release|Any CPU
		{95FC2208-B2DD-4945-A86B-8017CEF336CA}.Debug|Any CPU.ActiveCfg = Debug|Any CPU
		{95FC2208-B2DD-4945-A86B-8017CEF336CA}.Debug|Any CPU.Build.0 = Debug|Any CPU
		{95FC2208-B2DD-4945-A86B-8017CEF336CA}.Release|Any CPU.ActiveCfg = Release|Any CPU
		{95FC2208-B2DD-4945-A86B-8017CEF336CA}.Release|Any CPU.Build.0 = Release|Any CPU
		{312B8A15-44D3-4E03-9768-47576DCA9A34}.Debug|Any CPU.ActiveCfg = Debug|Any CPU
		{312B8A15-44D3-4E03-9768-47576DCA9A34}.Debug|Any CPU.Build.0 = Debug|Any CPU
		{312B8A15-44D3-4E03-9768-47576DCA9A34}.Release|Any CPU.ActiveCfg = Release|Any CPU
		{312B8A15-44D3-4E03-9768-47576DCA9A34}.Release|Any CPU.Build.0 = Release|Any CPU
		{64E7C008-3202-44C2-8A9D-D5D83AFD5FAA}.Debug|Any CPU.ActiveCfg = Debug|Any CPU
		{64E7C008-3202-44C2-8A9D-D5D83AFD5FAA}.Debug|Any CPU.Build.0 = Debug|Any CPU
		{64E7C008-3202-44C2-8A9D-D5D83AFD5FAA}.Release|Any CPU.ActiveCfg = Release|Any CPU
		{64E7C008-3202-44C2-8A9D-D5D83AFD5FAA}.Release|Any CPU.Build.0 = Release|Any CPU
		{F0AF9759-5C20-4352-9EDF-C10A1A071CC7}.Debug|Any CPU.ActiveCfg = Debug|Any CPU
		{F0AF9759-5C20-4352-9EDF-C10A1A071CC7}.Debug|Any CPU.Build.0 = Debug|Any CPU
		{F0AF9759-5C20-4352-9EDF-C10A1A071CC7}.Release|Any CPU.ActiveCfg = Release|Any CPU
		{F0AF9759-5C20-4352-9EDF-C10A1A071CC7}.Release|Any CPU.Build.0 = Release|Any CPU
		{66B19B92-4B46-4547-AEDD-A7CC3727B117}.Debug|Any CPU.ActiveCfg = Debug|Any CPU
		{66B19B92-4B46-4547-AEDD-A7CC3727B117}.Debug|Any CPU.Build.0 = Debug|Any CPU
		{66B19B92-4B46-4547-AEDD-A7CC3727B117}.Release|Any CPU.ActiveCfg = Release|Any CPU
		{66B19B92-4B46-4547-AEDD-A7CC3727B117}.Release|Any CPU.Build.0 = Release|Any CPU
		{935514AB-D227-48C1-A17C-7EE73819D328}.Debug|Any CPU.ActiveCfg = Debug|Any CPU
		{935514AB-D227-48C1-A17C-7EE73819D328}.Debug|Any CPU.Build.0 = Debug|Any CPU
		{935514AB-D227-48C1-A17C-7EE73819D328}.Release|Any CPU.ActiveCfg = Release|Any CPU
		{935514AB-D227-48C1-A17C-7EE73819D328}.Release|Any CPU.Build.0 = Release|Any CPU
	EndGlobalSection
	GlobalSection(SolutionProperties) = preSolution
		HideSolutionNode = FALSE
	EndGlobalSection
	GlobalSection(NestedProjects) = preSolution
		{F033B751-F247-4068-8482-16B53657807C} = {02EA681E-C7D8-13C7-8484-4AC65E1B71E8}
		{AA31BB6E-3C82-4329-9E91-97BFCC15F3D7} = {02EA681E-C7D8-13C7-8484-4AC65E1B71E8}
		{CA7F17E2-B49E-4F9E-A345-D40CFC89F4EC} = {02EA681E-C7D8-13C7-8484-4AC65E1B71E8}
		{F31531D5-015A-415A-9DFD-C23B04D99DDF} = {E6B92EEC-4AF7-45C9-9297-5859F57A7A20}
		{03570D25-E3F7-4C0A-95BA-D88F80517D46} = {E6B92EEC-4AF7-45C9-9297-5859F57A7A20}
		{2132A399-C3FF-46E5-8AD9-BE8A96030AF0} = {E6B92EEC-4AF7-45C9-9297-5859F57A7A20}
		{2861F9E8-DCA4-439D-AB19-4FD4A865AF38} = {1F44E835-2AB0-498B-BBCB-6D6DDCB937AE}
		{B1383BCB-451E-482C-8576-27E833F4ED06} = {1F44E835-2AB0-498B-BBCB-6D6DDCB937AE}
		{66702ADA-8D7B-4B29-9402-0B49E504B3C8} = {1F44E835-2AB0-498B-BBCB-6D6DDCB937AE}
		{E1C2F482-32D1-4F6B-888A-7B031415D95D} = {3210DA5A-84C5-49F8-98B9-798121DEE911}
		{36B41778-4CBC-44DD-9A44-FB5BBAEE4CCC} = {3210DA5A-84C5-49F8-98B9-798121DEE911}
		{905C78A5-C597-4622-BE17-5A523D692A05} = {3210DA5A-84C5-49F8-98B9-798121DEE911}
		{811B1CE9-D579-42EA-A392-278DD4EC809F} = {7152E294-5A7F-4F8E-8E1A-D79F2EC56ACB}
		{217396E1-1CB9-455D-9EA5-2B10B8258781} = {7152E294-5A7F-4F8E-8E1A-D79F2EC56ACB}
		{D987FB68-527E-4741-90D5-110D7BDE9A4E} = {7152E294-5A7F-4F8E-8E1A-D79F2EC56ACB}
		{60BF5355-154A-4285-8BB3-D298E852708C} = {4CDB4748-0B05-48DC-B996-D6DA174021A2}
		{8690BD15-758A-4AF5-824A-BBD87DD1395C} = {4CDB4748-0B05-48DC-B996-D6DA174021A2}
		{91A7BEC1-D371-42DB-A27F-34B839CE45BD} = {4CDB4748-0B05-48DC-B996-D6DA174021A2}
		{95FC2208-B2DD-4945-A86B-8017CEF336CA} = {6555C923-CBF0-4070-83F8-8CAAD44340EA}
		{312B8A15-44D3-4E03-9768-47576DCA9A34} = {6555C923-CBF0-4070-83F8-8CAAD44340EA}
		{64E7C008-3202-44C2-8A9D-D5D83AFD5FAA} = {6555C923-CBF0-4070-83F8-8CAAD44340EA}
		{F0AF9759-5C20-4352-9EDF-C10A1A071CC7} = {3D0EECD6-1D06-45E0-9D17-AB9ABE49EA06}
		{66B19B92-4B46-4547-AEDD-A7CC3727B117} = {3D0EECD6-1D06-45E0-9D17-AB9ABE49EA06}
		{935514AB-D227-48C1-A17C-7EE73819D328} = {3D0EECD6-1D06-45E0-9D17-AB9ABE49EA06}
	EndGlobalSection
	GlobalSection(ExtensibilityGlobals) = postSolution
		SolutionGuid = {3A561533-D62A-45A5-A7C3-1A6F8880DFB1}
	EndGlobalSection
EndGlobal
