
Microsoft Visual Studio Solution File, Format Version 12.00
# Visual Studio Version 17
VisualStudioVersion = 17.14.36429.23
MinimumVisualStudioVersion = 10.0.40219.1
Project("{2150E333-8FDC-42A3-9474-1A3956D46DE8}") = "Task0", "Task0", "{02EA681E-C7D8-13C7-8484-4AC65E1B71E8}"
EndProject
Project("{FAE04EC0-301F-11D3-BF4B-00C04F79EFBC}") = "Tyuiu.MarakovAD.Sprint1.Task0.V20", "Tyuiu.MarakovAD.Sprint1.Task0.V20\Tyuiu.MarakovAD.Sprint1.Task0.V20.csproj", "{F033B751-F247-4068-8482-16B53657807C}"
EndProject
Project("{FAE04EC0-301F-11D3-BF4B-00C04F79EFBC}") = "Tyuiu.MarakovAD.Sprint1.Task0.V20.Lib", "Tyuiu.MarakovAD.Sprint1.Task0.V20.Lib\Tyuiu.MarakovAD.Sprint1.Task0.V20.Lib.csproj", "{AA31BB6E-3C82-4329-9E91-97BFCC15F3D7}"
EndProject
Project("{FAE04EC0-301F-11D3-BF4B-00C04F79EFBC}") = "Tyuiu.MarakovAD.Sprint1.Task0.V20.Test", "Tyuiu.MarakovAD.Sprint1.Task0.V20.Test\Tyuiu.MarakovAD.Sprint1.Task0.V20.Test.csproj", "{CA7F17E2-B49E-4F9E-A345-D40CFC89F4EC}"
EndProject
Project("{2150E333-8FDC-42A3-9474-1A3956D46DE8}") = "Task1", "Task1", "{E6B92EEC-4AF7-45C9-9297-5859F57A7A20}"
EndProject
Project("{FAE04EC0-301F-11D3-BF4B-00C04F79EFBC}") = "Tyuiu.MarakovAD.Sprint1.Task1.V5", "Tyuiu.MarakovAD.Sprint1.Task1.V5\Tyuiu.MarakovAD.Sprint1.Task1.V5.csproj", "{F31531D5-015A-415A-9DFD-C23B04D99DDF}"
EndProject
Project("{FAE04EC0-301F-11D3-BF4B-00C04F79EFBC}") = "Tyuiu.MarakovAD.Sprint1.Task1.V5.Lib", "Tyuiu.MarakovAD.Sprint1.Task1.V5.Lib\Tyuiu.MarakovAD.Sprint1.Task1.V5.Lib.csproj", "{03570D25-E3F7-4C0A-95BA-D88F80517D46}"
EndProject
Project("{FAE04EC0-301F-11D3-BF4B-00C04F79EFBC}") = "Tyuiu.MarakovAD.Sprint1.Task1.V5.Test", "Tyuiu.MarakovAD.Sprint1.Task1.V5.Test\Tyuiu.MarakovAD.Sprint1.Task1.V5.Test.csproj", "{2132A399-C3FF-46E5-8AD9-BE8A96030AF0}"
EndProject
Project("{2150E333-8FDC-42A3-9474-1A3956D46DE8}") = "Task2", "Task2", "{1F44E835-2AB0-498B-BBCB-6D6DDCB937AE}"
EndProject
Project("{FAE04EC0-301F-11D3-BF4B-00C04F79EFBC}") = "Tyuiu.MarakovAD.Sprint1.Task2.V16", "Tyuiu.MarakovAD.Sprint1.Task2.V16\Tyuiu.MarakovAD.Sprint1.Task2.V16.csproj", "{2861F9E8-DCA4-439D-AB19-4FD4A865AF38}"
EndProject
Project("{FAE04EC0-301F-11D3-BF4B-00C04F79EFBC}") = "Tyuiu.MarakovAD.Sprint1.Task2.V16.Lib", "Tyuiu.MarakovAD.Sprint1.Task2.V16.Lib\Tyuiu.MarakovAD.Sprint1.Task2.V16.Lib.csproj", "{B1383BCB-451E-482C-8576-27E833F4ED06}"
EndProject
Project("{FAE04EC0-301F-11D3-BF4B-00C04F79EFBC}") = "Tyuiu.MarakovAD.Sprint1.Task2.V16.Test", "Tyuiu.MarakovAD.Sprint1.Task2.V16.Test\Tyuiu.MarakovAD.Sprint1.Task2.V16.Test.csproj", "{66702ADA-8D7B-4B29-9402-0B49E504B3C8}"
EndProject
Project("{2150E333-8FDC-42A3-9474-1A3956D46DE8}") = "Task3", "Task3", "{3210DA5A-84C5-49F8-98B9-798121DEE911}"
EndProject
Project("{FAE04EC0-301F-11D3-BF4B-00C04F79EFBC}") = "Tyuiu.MarakovAD.Sprint1.Task3.V10", "Tyuiu.MarakovAD.Sprint1.Task3.V10\Tyuiu.MarakovAD.Sprint1.Task3.V10.csproj", "{E1C2F482-32D1-4F6B-888A-7B031415D95D}"
EndProject
Project("{FAE04EC0-301F-11D3-BF4B-00C04F79EFBC}") = "Tyuiu.MarakovAD.Sprint1.Task3.V10.Lib", "Tyuiu.MarakovAD.Sprint1.Task3.V10.Lib\Tyuiu.MarakovAD.Sprint1.Task3.V10.Lib.csproj", "{36B41778-4CBC-44DD-9A44-FB5BBAEE4CCC}"
EndProject
Project("{FAE04EC0-301F-11D3-BF4B-00C04F79EFBC}") = "Tyuiu.MarakovAD.Sprint1.Task3.V10.Test", "Tyuiu.MarakovAD.Sprint1.Task3.V10.Test\Tyuiu.MarakovAD.Sprint1.Task3.V10.Test.csproj", "{905C78A5-C597-4622-BE17-5A523D692A05}"
EndProject
Global
	GlobalSection(SolutionConfigurationPlatforms) = preSolution
		Debug|Any CPU = Debug|Any CPU
		Release|Any CPU = Release|Any CPU
	EndGlobalSection
	GlobalSection(ProjectConfigurationPlatforms) = postSolution
		{F033B751-F247-4068-8482-16B53657807C}.Debug|Any CPU.ActiveCfg = Debug|Any CPU
		{F033B751-F247-4068-8482-16B53657807C}.Debug|Any CPU.Build.0 = Debug|Any CPU
		{F033B751-F247-4068-8482-16B53657807C}.Release|Any CPU.ActiveCfg = Release|Any CPU
		{F033B751-F247-4068-8482-16B53657807C}.Release|Any CPU.Build.0 = Release|Any CPU
		{AA31BB6E-3C82-4329-9E91-97BFCC15F3D7}.Debug|Any CPU.ActiveCfg = Debug|Any CPU
		{AA31BB6E-3C82-4329-9E91-97BFCC15F3D7}.Debug|Any CPU.Build.0 = Debug|Any CPU
		{AA31BB6E-3C82-4329-9E91-97BFCC15F3D7}.Release|Any CPU.ActiveCfg = Release|Any CPU
		{AA31BB6E-3C82-4329-9E91-97BFCC15F3D7}.Release|Any CPU.Build.0 = Release|Any CPU
		{CA7F17E2-B49E-4F9E-A345-D40CFC89F4EC}.Debug|Any CPU.ActiveCfg = Debug|Any CPU
		{CA7F17E2-B49E-4F9E-A345-D40CFC89F4EC}.Debug|Any CPU.Build.0 = Debug|Any CPU
		{CA7F17E2-B49E-4F9E-A345-D40CFC89F4EC}.Release|Any CPU.ActiveCfg = Release|Any CPU
		{CA7F17E2-B49E-4F9E-A345-D40CFC89F4EC}.Release|Any CPU.Build.0 = Release|Any CPU
		{F31531D5-015A-415A-9DFD-C23B04D99DDF}.Debug|Any CPU.ActiveCfg = Debug|Any CPU
		{F31531D5-015A-415A-9DFD-C23B04D99DDF}.Debug|Any CPU.Build.0 = Debug|Any CPU
		{F31531D5-015A-415A-9DFD-C23B04D99DDF}.Release|Any CPU.ActiveCfg = Release|Any CPU
		{F31531D5-015A-415A-9DFD-C23B04D99DDF}.Release|Any CPU.Build.0 = Release|Any CPU
		{03570D25-E3F7-4C0A-95BA-D88F80517D46}.Debug|Any CPU.ActiveCfg = Debug|Any CPU
		{03570D25-E3F7-4C0A-95BA-D88F80517D46}.Debug|Any CPU.Build.0 = Debug|Any CPU
		{03570D25-E3F7-4C0A-95BA-D88F80517D46}.Release|Any CPU.ActiveCfg = Release|Any CPU
		{03570D25-E3F7-4C0A-95BA-D88F80517D46}.Release|Any CPU.Build.0 = Release|Any CPU
		{2132A399-C3FF-46E5-8AD9-BE8A96030AF0}.Debug|Any CPU.ActiveCfg = Debug|Any CPU
		{2132A399-C3FF-46E5-8AD9-BE8A96030AF0}.Debug|Any CPU.Build.0 = Debug|Any CPU
		{2132A399-C3FF-46E5-8AD9-BE8A96030AF0}.Release|Any CPU.ActiveCfg = Release|Any CPU
		{2132A399-C3FF-46E5-8AD9-BE8A96030AF0}.Release|Any CPU.Build.0 = Release|Any CPU
		{2861F9E8-DCA4-439D-AB19-4FD4A865AF38}.Debug|Any CPU.ActiveCfg = Debug|Any CPU
		{2861F9E8-DCA4-439D-AB19-4FD4A865AF38}.Debug|Any CPU.Build.0 = Debug|Any CPU
		{2861F9E8-DCA4-439D-AB19-4FD4A865AF38}.Release|Any CPU.ActiveCfg = Release|Any CPU
		{2861F9E8-DCA4-439D-AB19-4FD4A865AF38}.Release|Any CPU.Build.0 = Release|Any CPU
		{B1383BCB-451E-482C-8576-27E833F4ED06}.Debug|Any CPU.ActiveCfg = Debug|Any CPU
		{B1383BCB-451E-482C-8576-27E833F4ED06}.Debug|Any CPU.Build.0 = Debug|Any CPU
		{B1383BCB-451E-482C-8576-27E833F4ED06}.Release|Any CPU.ActiveCfg = Release|Any CPU
		{B1383BCB-451E-482C-8576-27E833F4ED06}.Release|Any CPU.Build.0 = Release|Any CPU
		{66702ADA-8D7B-4B29-9402-0B49E504B3C8}.Debug|Any CPU.ActiveCfg = Debug|Any CPU
		{66702ADA-8D7B-4B29-9402-0B49E504B3C8}.Debug|Any CPU.Build.0 = Debug|Any CPU
		{66702ADA-8D7B-4B29-9402-0B49E504B3C8}.Release|Any CPU.ActiveCfg = Release|Any CPU
		{66702ADA-8D7B-4B29-9402-0B49E504B3C8}.Release|Any CPU.Build.0 = Release|Any CPU
		{E1C2F482-32D1-4F6B-888A-7B031415D95D}.Debug|Any CPU.ActiveCfg = Debug|Any CPU
		{E1C2F482-32D1-4F6B-888A-7B031415D95D}.Debug|Any CPU.Build.0 = Debug|Any CPU
		{E1C2F482-32D1-4F6B-888A-7B031415D95D}.Release|Any CPU.ActiveCfg = Release|Any CPU
		{E1C2F482-32D1-4F6B-888A-7B031415D95D}.Release|Any CPU.Build.0 = Release|Any CPU
		{36B41778-4CBC-44DD-9A44-FB5BBAEE4CCC}.Debug|Any CPU.ActiveCfg = Debug|Any CPU
		{36B41778-4CBC-44DD-9A44-FB5BBAEE4CCC}.Debug|Any CPU.Build.0 = Debug|Any CPU
		{36B41778-4CBC-44DD-9A44-FB5BBAEE4CCC}.Release|Any CPU.ActiveCfg = Release|Any CPU
		{36B41778-4CBC-44DD-9A44-FB5BBAEE4CCC}.Release|Any CPU.Build.0 = Release|Any CPU
		{905C78A5-C597-4622-BE17-5A523D692A05}.Debug|Any CPU.ActiveCfg = Debug|Any CPU
		{905C78A5-C597-4622-BE17-5A523D692A05}.Debug|Any CPU.Build.0 = Debug|Any CPU
		{905C78A5-C597-4622-BE17-5A523D692A05}.Release|Any CPU.ActiveCfg = Release|Any CPU
		{905C78A5-C597-4622-BE17-5A523D692A05}.Release|Any CPU.Build.0 = Release|Any CPU
	EndGlobalSection
	GlobalSection(SolutionProperties) = preSolution
		HideSolutionNode = FALSE
	EndGlobalSection
	GlobalSection(NestedProjects) = preSolution
		{F033B751-F247-4068-8482-16B53657807C} = {02EA681E-C7D8-13C7-8484-4AC65E1B71E8}
		{AA31BB6E-3C82-4329-9E91-97BFCC15F3D7} = {02EA681E-C7D8-13C7-8484-4AC65E1B71E8}
		{CA7F17E2-B49E-4F9E-A345-D40CFC89F4EC} = {02EA681E-C7D8-13C7-8484-4AC65E1B71E8}
		{F31531D5-015A-415A-9DFD-C23B04D99DDF} = {E6B92EEC-4AF7-45C9-9297-5859F57A7A20}
		{03570D25-E3F7-4C0A-95BA-D88F80517D46} = {E6B92EEC-4AF7-45C9-9297-5859F57A7A20}
		{2132A399-C3FF-46E5-8AD9-BE8A96030AF0} = {E6B92EEC-4AF7-45C9-9297-5859F57A7A20}
		{2861F9E8-DCA4-439D-AB19-4FD4A865AF38} = {1F44E835-2AB0-498B-BBCB-6D6DDCB937AE}
		{B1383BCB-451E-482C-8576-27E833F4ED06} = {1F44E835-2AB0-498B-BBCB-6D6DDCB937AE}
		{66702ADA-8D7B-4B29-9402-0B49E504B3C8} = {1F44E835-2AB0-498B-BBCB-6D6DDCB937AE}
		{E1C2F482-32D1-4F6B-888A-7B031415D95D} = {3210DA5A-84C5-49F8-98B9-798121DEE911}
		{36B41778-4CBC-44DD-9A44-FB5BBAEE4CCC} = {3210DA5A-84C5-49F8-98B9-798121DEE911}
		{905C78A5-C597-4622-BE17-5A523D692A05} = {3210DA5A-84C5-49F8-98B9-798121DEE911}
	EndGlobalSection
	GlobalSection(ExtensibilityGlobals) = postSolution
		SolutionGuid = {3A561533-D62A-45A5-A7C3-1A6F8880DFB1}
	EndGlobalSection
EndGlobal
